
Microsoft Visual Studio Solution File, Format Version 12.00
# Visual Studio Version 16
VisualStudioVersion = 16.0.30517.126
MinimumVisualStudioVersion = 10.0.40219.1
Project("{FAE04EC0-301F-11D3-BF4B-00C04F79EFBC}") = "InventoryAccounting", "InventoryAccounting\InventoryAccounting.csproj", "{8309C53C-CDAF-4213-9D7D-BC6879AD80EF}"
EndProject
Global
	GlobalSection(SolutionConfigurationPlatforms) = preSolution
		Debug|Any CPU = Debug|Any CPU
		Release|Any CPU = Release|Any CPU
	EndGlobalSection
	GlobalSection(ProjectConfigurationPlatforms) = postSolution
		{8309C53C-CDAF-4213-9D7D-BC6879AD80EF}.Debug|Any CPU.ActiveCfg = Debug|Any CPU
		{8309C53C-CDAF-4213-9D7D-BC6879AD80EF}.Debug|Any CPU.Build.0 = Debug|Any CPU
		{8309C53C-CDAF-4213-9D7D-BC6879AD80EF}.Release|Any CPU.ActiveCfg = Release|Any CPU
		{8309C53C-CDAF-4213-9D7D-BC6879AD80EF}.Release|Any CPU.Build.0 = Release|Any CPU
	EndGlobalSection
	GlobalSection(SolutionProperties) = preSolution
		HideSolutionNode = FALSE
	EndGlobalSection
	GlobalSection(ExtensibilityGlobals) = postSolution
		SolutionGuid = {AF9F051F-D10A-48DA-B4EE-C01E230C72C0}
	EndGlobalSection
EndGlobal
